// !$*UTF8*$!
{
	archiveVersion = 1;
	classes = {
	};
	objectVersion = 46;
	objects = {

/* Begin PBXBuildFile section */
		0B4018181A5243C100769C47 /* choosePhotoController.m in Sources */ = {isa = PBXBuildFile; fileRef = 0B4018171A5243C100769C47 /* choosePhotoController.m */; };
		0B40181B1A52459200769C47 /* AssetsLibrary.framework in Frameworks */ = {isa = PBXBuildFile; fileRef = 0B40181A1A52459200769C47 /* AssetsLibrary.framework */; };
		0B40181D1A52459A00769C47 /* ImageIO.framework in Frameworks */ = {isa = PBXBuildFile; fileRef = 0B40181C1A52459A00769C47 /* ImageIO.framework */; };
		0B40181F1A5245A600769C47 /* QuartzCore.framework in Frameworks */ = {isa = PBXBuildFile; fileRef = 0B40181E1A5245A600769C47 /* QuartzCore.framework */; };
		0B4018211A5245AE00769C47 /* UIKit.framework in Frameworks */ = {isa = PBXBuildFile; fileRef = 0B4018201A5245AE00769C47 /* UIKit.framework */; };
		0B4018231A5245B900769C47 /* Foundation.framework in Frameworks */ = {isa = PBXBuildFile; fileRef = 0B4018221A5245B900769C47 /* Foundation.framework */; };
		0B4018251A5245C000769C47 /* CoreGraphics.framework in Frameworks */ = {isa = PBXBuildFile; fileRef = 0B4018241A5245C000769C47 /* CoreGraphics.framework */; };
		0B6B691C1A5795F60056F144 /* userInfoController.m in Sources */ = {isa = PBXBuildFile; fileRef = 0B6B691B1A5795F60056F144 /* userInfoController.m */; };
		0B7B7E841A7CA41C00005AE6 /* MWCaptionView.m in Sources */ = {isa = PBXBuildFile; fileRef = 0B7B7E271A7CA41C00005AE6 /* MWCaptionView.m */; };
		0B7B7E851A7CA41C00005AE6 /* MWGridCell.m in Sources */ = {isa = PBXBuildFile; fileRef = 0B7B7E2A1A7CA41C00005AE6 /* MWGridCell.m */; };
		0B7B7E861A7CA41C00005AE6 /* MWGridViewController.m in Sources */ = {isa = PBXBuildFile; fileRef = 0B7B7E2C1A7CA41C00005AE6 /* MWGridViewController.m */; };
		0B7B7E871A7CA41C00005AE6 /* MWPhoto.m in Sources */ = {isa = PBXBuildFile; fileRef = 0B7B7E2E1A7CA41C00005AE6 /* MWPhoto.m */; };
		0B7B7E881A7CA41C00005AE6 /* MWPhotoBrowser.m in Sources */ = {isa = PBXBuildFile; fileRef = 0B7B7E301A7CA41C00005AE6 /* MWPhotoBrowser.m */; };
		0B7B7E891A7CA41C00005AE6 /* MWTapDetectingImageView.m in Sources */ = {isa = PBXBuildFile; fileRef = 0B7B7E341A7CA41C00005AE6 /* MWTapDetectingImageView.m */; };
		0B7B7E8A1A7CA41C00005AE6 /* MWTapDetectingView.m in Sources */ = {isa = PBXBuildFile; fileRef = 0B7B7E361A7CA41C00005AE6 /* MWTapDetectingView.m */; };
		0B7B7E8B1A7CA41C00005AE6 /* MWZoomingScrollView.m in Sources */ = {isa = PBXBuildFile; fileRef = 0B7B7E381A7CA41C00005AE6 /* MWZoomingScrollView.m */; };
		0B7B7E8C1A7CA41C00005AE6 /* DACircularProgressView.m in Sources */ = {isa = PBXBuildFile; fileRef = 0B7B7E3C1A7CA41C00005AE6 /* DACircularProgressView.m */; };
		0B7B7E8D1A7CA41C00005AE6 /* MBProgressHUD.m in Sources */ = {isa = PBXBuildFile; fileRef = 0B7B7E3F1A7CA41C00005AE6 /* MBProgressHUD.m */; };
		0B7B7E8E1A7CA41C00005AE6 /* README.mdown in Sources */ = {isa = PBXBuildFile; fileRef = 0B7B7E401A7CA41C00005AE6 /* README.mdown */; };
		0B7B7E8F1A7CA41C00005AE6 /* NSIndexPath+PSTCollectionViewAdditions.m in Sources */ = {isa = PBXBuildFile; fileRef = 0B7B7E431A7CA41C00005AE6 /* NSIndexPath+PSTCollectionViewAdditions.m */; };
		0B7B7E901A7CA41C00005AE6 /* PSTCollectionView.m in Sources */ = {isa = PBXBuildFile; fileRef = 0B7B7E451A7CA41C00005AE6 /* PSTCollectionView.m */; };
		0B7B7E911A7CA41C00005AE6 /* PSTCollectionViewCell.m in Sources */ = {isa = PBXBuildFile; fileRef = 0B7B7E471A7CA41C00005AE6 /* PSTCollectionViewCell.m */; };
		0B7B7E921A7CA41C00005AE6 /* PSTCollectionViewController.m in Sources */ = {isa = PBXBuildFile; fileRef = 0B7B7E4A1A7CA41C00005AE6 /* PSTCollectionViewController.m */; };
		0B7B7E931A7CA41C00005AE6 /* PSTCollectionViewData.m in Sources */ = {isa = PBXBuildFile; fileRef = 0B7B7E4C1A7CA41C00005AE6 /* PSTCollectionViewData.m */; };
		0B7B7E941A7CA41C00005AE6 /* PSTCollectionViewFlowLayout.m in Sources */ = {isa = PBXBuildFile; fileRef = 0B7B7E4E1A7CA41C00005AE6 /* PSTCollectionViewFlowLayout.m */; };
		0B7B7E951A7CA41C00005AE6 /* PSTCollectionViewItemKey.m in Sources */ = {isa = PBXBuildFile; fileRef = 0B7B7E501A7CA41C00005AE6 /* PSTCollectionViewItemKey.m */; };
		0B7B7E961A7CA41C00005AE6 /* PSTCollectionViewLayout.m in Sources */ = {isa = PBXBuildFile; fileRef = 0B7B7E531A7CA41C00005AE6 /* PSTCollectionViewLayout.m */; };
		0B7B7E971A7CA41C00005AE6 /* PSTCollectionViewUpdateItem.m in Sources */ = {isa = PBXBuildFile; fileRef = 0B7B7E551A7CA41C00005AE6 /* PSTCollectionViewUpdateItem.m */; };
		0B7B7E981A7CA41C00005AE6 /* PSTGridLayoutInfo.m in Sources */ = {isa = PBXBuildFile; fileRef = 0B7B7E571A7CA41C00005AE6 /* PSTGridLayoutInfo.m */; };
		0B7B7E991A7CA41C00005AE6 /* PSTGridLayoutItem.m in Sources */ = {isa = PBXBuildFile; fileRef = 0B7B7E591A7CA41C00005AE6 /* PSTGridLayoutItem.m */; };
		0B7B7E9A1A7CA41C00005AE6 /* PSTGridLayoutRow.m in Sources */ = {isa = PBXBuildFile; fileRef = 0B7B7E5B1A7CA41C00005AE6 /* PSTGridLayoutRow.m */; };
		0B7B7E9B1A7CA41C00005AE6 /* PSTGridLayoutSection.m in Sources */ = {isa = PBXBuildFile; fileRef = 0B7B7E5D1A7CA41C00005AE6 /* PSTGridLayoutSection.m */; };
		0B7B7E9C1A7CA41C00005AE6 /* LICENSE in Resources */ = {isa = PBXBuildFile; fileRef = 0B7B7E5F1A7CA41C00005AE6 /* LICENSE */; };
		0B7B7E9D1A7CA41C00005AE6 /* README.md in Sources */ = {isa = PBXBuildFile; fileRef = 0B7B7E601A7CA41C00005AE6 /* README.md */; };
		0B7B7E9E1A7CA41C00005AE6 /* MKAnnotationView+WebCache.m in Sources */ = {isa = PBXBuildFile; fileRef = 0B7B7E631A7CA41C00005AE6 /* MKAnnotationView+WebCache.m */; };
		0B7B7E9F1A7CA41C00005AE6 /* NSData+ImageContentType.m in Sources */ = {isa = PBXBuildFile; fileRef = 0B7B7E651A7CA41C00005AE6 /* NSData+ImageContentType.m */; };
		0B7B7EA01A7CA41C00005AE6 /* SDImageCache.m in Sources */ = {isa = PBXBuildFile; fileRef = 0B7B7E671A7CA41C00005AE6 /* SDImageCache.m */; };
		0B7B7EA11A7CA41C00005AE6 /* SDWebImageCompat.m in Sources */ = {isa = PBXBuildFile; fileRef = 0B7B7E691A7CA41C00005AE6 /* SDWebImageCompat.m */; };
		0B7B7EA21A7CA41C00005AE6 /* SDWebImageDecoder.m in Sources */ = {isa = PBXBuildFile; fileRef = 0B7B7E6B1A7CA41C00005AE6 /* SDWebImageDecoder.m */; };
		0B7B7EA31A7CA41C00005AE6 /* SDWebImageDownloader.m in Sources */ = {isa = PBXBuildFile; fileRef = 0B7B7E6D1A7CA41C00005AE6 /* SDWebImageDownloader.m */; };
		0B7B7EA41A7CA41C00005AE6 /* SDWebImageDownloaderOperation.m in Sources */ = {isa = PBXBuildFile; fileRef = 0B7B7E6F1A7CA41C00005AE6 /* SDWebImageDownloaderOperation.m */; };
		0B7B7EA51A7CA41C00005AE6 /* SDWebImageManager.m in Sources */ = {isa = PBXBuildFile; fileRef = 0B7B7E711A7CA41C00005AE6 /* SDWebImageManager.m */; };
		0B7B7EA61A7CA41C00005AE6 /* SDWebImagePrefetcher.m in Sources */ = {isa = PBXBuildFile; fileRef = 0B7B7E741A7CA41C00005AE6 /* SDWebImagePrefetcher.m */; };
		0B7B7EA71A7CA41C00005AE6 /* UIButton+WebCache.m in Sources */ = {isa = PBXBuildFile; fileRef = 0B7B7E761A7CA41C00005AE6 /* UIButton+WebCache.m */; };
		0B7B7EA81A7CA41C00005AE6 /* UIImage+GIF.m in Sources */ = {isa = PBXBuildFile; fileRef = 0B7B7E781A7CA41C00005AE6 /* UIImage+GIF.m */; };
		0B7B7EA91A7CA41C00005AE6 /* UIImage+MultiFormat.m in Sources */ = {isa = PBXBuildFile; fileRef = 0B7B7E7A1A7CA41C00005AE6 /* UIImage+MultiFormat.m */; };
		0B7B7EAA1A7CA41C00005AE6 /* UIImage+WebP.m in Sources */ = {isa = PBXBuildFile; fileRef = 0B7B7E7C1A7CA41C00005AE6 /* UIImage+WebP.m */; };
		0B7B7EAB1A7CA41C00005AE6 /* UIImageView+HighlightedWebCache.m in Sources */ = {isa = PBXBuildFile; fileRef = 0B7B7E7E1A7CA41C00005AE6 /* UIImageView+HighlightedWebCache.m */; };
		0B7B7EAC1A7CA41C00005AE6 /* UIImageView+WebCache.m in Sources */ = {isa = PBXBuildFile; fileRef = 0B7B7E801A7CA41C00005AE6 /* UIImageView+WebCache.m */; };
		0B7B7EAD1A7CA41C00005AE6 /* UIView+WebCacheOperation.m in Sources */ = {isa = PBXBuildFile; fileRef = 0B7B7E821A7CA41C00005AE6 /* UIView+WebCacheOperation.m */; };
		0B7B7EAE1A7CA41C00005AE6 /* MWPhotoBrowser.bundle in Resources */ = {isa = PBXBuildFile; fileRef = 0B7B7E831A7CA41C00005AE6 /* MWPhotoBrowser.bundle */; };
		0B9892461A7CA2B2004F2CAC /* MessageUI.framework in Frameworks */ = {isa = PBXBuildFile; fileRef = 0B9892451A7CA2B2004F2CAC /* MessageUI.framework */; };
		0BBCB4301A523D9F0042170F /* main.m in Sources */ = {isa = PBXBuildFile; fileRef = 0BBCB42F1A523D9F0042170F /* main.m */; };
		0BBCB4331A523D9F0042170F /* AppDelegate.m in Sources */ = {isa = PBXBuildFile; fileRef = 0BBCB4321A523D9F0042170F /* AppDelegate.m */; };
		0BBCB4361A523D9F0042170F /* ViewController.m in Sources */ = {isa = PBXBuildFile; fileRef = 0BBCB4351A523D9F0042170F /* ViewController.m */; };
		0BBCB4391A523D9F0042170F /* Main.storyboard in Resources */ = {isa = PBXBuildFile; fileRef = 0BBCB4371A523D9F0042170F /* Main.storyboard */; };
		0BBCB43B1A523D9F0042170F /* Images.xcassets in Resources */ = {isa = PBXBuildFile; fileRef = 0BBCB43A1A523D9F0042170F /* Images.xcassets */; };
		0BBCB43E1A523D9F0042170F /* LaunchScreen.xib in Resources */ = {isa = PBXBuildFile; fileRef = 0BBCB43C1A523D9F0042170F /* LaunchScreen.xib */; };
		0BBCB44A1A523D9F0042170F /* AfterburnerTests.m in Sources */ = {isa = PBXBuildFile; fileRef = 0BBCB4491A523D9F0042170F /* AfterburnerTests.m */; };
		0BEC05EB1A53A58C005F367C /* chooseMenuTableCells.m in Sources */ = {isa = PBXBuildFile; fileRef = 0BEC05EA1A53A58C005F367C /* chooseMenuTableCells.m */; };
		0BFCBD541A5508260015C2D3 /* FullSizeRender.jpg in Resources */ = {isa = PBXBuildFile; fileRef = 0BFCBD531A5508260015C2D3 /* FullSizeRender.jpg */; };
		0BFCBD571A5511A20015C2D3 /* editPhotoController.m in Sources */ = {isa = PBXBuildFile; fileRef = 0BFCBD561A5511A20015C2D3 /* editPhotoController.m */; };
		72E727DA86B2952B1C6BE0AD /* libPods-Afterburner.a in Frameworks */ = {isa = PBXBuildFile; fileRef = 643F1822165DDC1A038AD0A6 /* libPods-Afterburner.a */; };
/* End PBXBuildFile section */

/* Begin PBXContainerItemProxy section */
		0BBCB4441A523D9F0042170F /* PBXContainerItemProxy */ = {
			isa = PBXContainerItemProxy;
			containerPortal = 0BBCB4221A523D9F0042170F /* Project object */;
			proxyType = 1;
			remoteGlobalIDString = 0BBCB4291A523D9F0042170F;
			remoteInfo = Afterburner;
		};
/* End PBXContainerItemProxy section */

/* Begin PBXFileReference section */
		0B4018161A5243C100769C47 /* choosePhotoController.h */ = {isa = PBXFileReference; fileEncoding = 4; lastKnownFileType = sourcecode.c.h; name = choosePhotoController.h; path = ../choosePhotoController.h; sourceTree = "<group>"; };
		0B4018171A5243C100769C47 /* choosePhotoController.m */ = {isa = PBXFileReference; fileEncoding = 4; lastKnownFileType = sourcecode.c.objc; name = choosePhotoController.m; path = ../choosePhotoController.m; sourceTree = "<group>"; };
		0B40181A1A52459200769C47 /* AssetsLibrary.framework */ = {isa = PBXFileReference; lastKnownFileType = wrapper.framework; name = AssetsLibrary.framework; path = System/Library/Frameworks/AssetsLibrary.framework; sourceTree = SDKROOT; };
		0B40181C1A52459A00769C47 /* ImageIO.framework */ = {isa = PBXFileReference; lastKnownFileType = wrapper.framework; name = ImageIO.framework; path = System/Library/Frameworks/ImageIO.framework; sourceTree = SDKROOT; };
		0B40181E1A5245A600769C47 /* QuartzCore.framework */ = {isa = PBXFileReference; lastKnownFileType = wrapper.framework; name = QuartzCore.framework; path = System/Library/Frameworks/QuartzCore.framework; sourceTree = SDKROOT; };
		0B4018201A5245AE00769C47 /* UIKit.framework */ = {isa = PBXFileReference; lastKnownFileType = wrapper.framework; name = UIKit.framework; path = System/Library/Frameworks/UIKit.framework; sourceTree = SDKROOT; };
		0B4018221A5245B900769C47 /* Foundation.framework */ = {isa = PBXFileReference; lastKnownFileType = wrapper.framework; name = Foundation.framework; path = System/Library/Frameworks/Foundation.framework; sourceTree = SDKROOT; };
		0B4018241A5245C000769C47 /* CoreGraphics.framework */ = {isa = PBXFileReference; lastKnownFileType = wrapper.framework; name = CoreGraphics.framework; path = System/Library/Frameworks/CoreGraphics.framework; sourceTree = SDKROOT; };
		0B6B691A1A5795F60056F144 /* userInfoController.h */ = {isa = PBXFileReference; fileEncoding = 4; lastKnownFileType = sourcecode.c.h; path = userInfoController.h; sourceTree = "<group>"; };
		0B6B691B1A5795F60056F144 /* userInfoController.m */ = {isa = PBXFileReference; fileEncoding = 4; lastKnownFileType = sourcecode.c.objc; path = userInfoController.m; sourceTree = "<group>"; };
		0B7B7E261A7CA41C00005AE6 /* MWCaptionView.h */ = {isa = PBXFileReference; fileEncoding = 4; lastKnownFileType = sourcecode.c.h; path = MWCaptionView.h; sourceTree = "<group>"; };
		0B7B7E271A7CA41C00005AE6 /* MWCaptionView.m */ = {isa = PBXFileReference; fileEncoding = 4; lastKnownFileType = sourcecode.c.objc; path = MWCaptionView.m; sourceTree = "<group>"; };
		0B7B7E281A7CA41C00005AE6 /* MWCommon.h */ = {isa = PBXFileReference; fileEncoding = 4; lastKnownFileType = sourcecode.c.h; path = MWCommon.h; sourceTree = "<group>"; };
		0B7B7E291A7CA41C00005AE6 /* MWGridCell.h */ = {isa = PBXFileReference; fileEncoding = 4; lastKnownFileType = sourcecode.c.h; path = MWGridCell.h; sourceTree = "<group>"; };
		0B7B7E2A1A7CA41C00005AE6 /* MWGridCell.m */ = {isa = PBXFileReference; fileEncoding = 4; lastKnownFileType = sourcecode.c.objc; path = MWGridCell.m; sourceTree = "<group>"; };
		0B7B7E2B1A7CA41C00005AE6 /* MWGridViewController.h */ = {isa = PBXFileReference; fileEncoding = 4; lastKnownFileType = sourcecode.c.h; path = MWGridViewController.h; sourceTree = "<group>"; };
		0B7B7E2C1A7CA41C00005AE6 /* MWGridViewController.m */ = {isa = PBXFileReference; fileEncoding = 4; lastKnownFileType = sourcecode.c.objc; path = MWGridViewController.m; sourceTree = "<group>"; };
		0B7B7E2D1A7CA41C00005AE6 /* MWPhoto.h */ = {isa = PBXFileReference; fileEncoding = 4; lastKnownFileType = sourcecode.c.h; path = MWPhoto.h; sourceTree = "<group>"; };
		0B7B7E2E1A7CA41C00005AE6 /* MWPhoto.m */ = {isa = PBXFileReference; fileEncoding = 4; lastKnownFileType = sourcecode.c.objc; path = MWPhoto.m; sourceTree = "<group>"; };
		0B7B7E2F1A7CA41C00005AE6 /* MWPhotoBrowser.h */ = {isa = PBXFileReference; fileEncoding = 4; lastKnownFileType = sourcecode.c.h; path = MWPhotoBrowser.h; sourceTree = "<group>"; };
		0B7B7E301A7CA41C00005AE6 /* MWPhotoBrowser.m */ = {isa = PBXFileReference; fileEncoding = 4; lastKnownFileType = sourcecode.c.objc; path = MWPhotoBrowser.m; sourceTree = "<group>"; };
		0B7B7E311A7CA41C00005AE6 /* MWPhotoBrowserPrivate.h */ = {isa = PBXFileReference; fileEncoding = 4; lastKnownFileType = sourcecode.c.h; path = MWPhotoBrowserPrivate.h; sourceTree = "<group>"; };
		0B7B7E321A7CA41C00005AE6 /* MWPhotoProtocol.h */ = {isa = PBXFileReference; fileEncoding = 4; lastKnownFileType = sourcecode.c.h; path = MWPhotoProtocol.h; sourceTree = "<group>"; };
		0B7B7E331A7CA41C00005AE6 /* MWTapDetectingImageView.h */ = {isa = PBXFileReference; fileEncoding = 4; lastKnownFileType = sourcecode.c.h; path = MWTapDetectingImageView.h; sourceTree = "<group>"; };
		0B7B7E341A7CA41C00005AE6 /* MWTapDetectingImageView.m */ = {isa = PBXFileReference; fileEncoding = 4; lastKnownFileType = sourcecode.c.objc; path = MWTapDetectingImageView.m; sourceTree = "<group>"; };
		0B7B7E351A7CA41C00005AE6 /* MWTapDetectingView.h */ = {isa = PBXFileReference; fileEncoding = 4; lastKnownFileType = sourcecode.c.h; path = MWTapDetectingView.h; sourceTree = "<group>"; };
		0B7B7E361A7CA41C00005AE6 /* MWTapDetectingView.m */ = {isa = PBXFileReference; fileEncoding = 4; lastKnownFileType = sourcecode.c.objc; path = MWTapDetectingView.m; sourceTree = "<group>"; };
		0B7B7E371A7CA41C00005AE6 /* MWZoomingScrollView.h */ = {isa = PBXFileReference; fileEncoding = 4; lastKnownFileType = sourcecode.c.h; path = MWZoomingScrollView.h; sourceTree = "<group>"; };
		0B7B7E381A7CA41C00005AE6 /* MWZoomingScrollView.m */ = {isa = PBXFileReference; fileEncoding = 4; lastKnownFileType = sourcecode.c.objc; path = MWZoomingScrollView.m; sourceTree = "<group>"; };
		0B7B7E3B1A7CA41C00005AE6 /* DACircularProgressView.h */ = {isa = PBXFileReference; fileEncoding = 4; lastKnownFileType = sourcecode.c.h; path = DACircularProgressView.h; sourceTree = "<group>"; };
		0B7B7E3C1A7CA41C00005AE6 /* DACircularProgressView.m */ = {isa = PBXFileReference; fileEncoding = 4; lastKnownFileType = sourcecode.c.objc; path = DACircularProgressView.m; sourceTree = "<group>"; };
		0B7B7E3E1A7CA41C00005AE6 /* MBProgressHUD.h */ = {isa = PBXFileReference; fileEncoding = 4; lastKnownFileType = sourcecode.c.h; path = MBProgressHUD.h; sourceTree = "<group>"; };
		0B7B7E3F1A7CA41C00005AE6 /* MBProgressHUD.m */ = {isa = PBXFileReference; fileEncoding = 4; lastKnownFileType = sourcecode.c.objc; path = MBProgressHUD.m; sourceTree = "<group>"; };
		0B7B7E401A7CA41C00005AE6 /* README.mdown */ = {isa = PBXFileReference; fileEncoding = 4; lastKnownFileType = net.daringfireball.markdown; path = README.mdown; sourceTree = "<group>"; };
		0B7B7E421A7CA41C00005AE6 /* NSIndexPath+PSTCollectionViewAdditions.h */ = {isa = PBXFileReference; fileEncoding = 4; lastKnownFileType = sourcecode.c.h; path = "NSIndexPath+PSTCollectionViewAdditions.h"; sourceTree = "<group>"; };
		0B7B7E431A7CA41C00005AE6 /* NSIndexPath+PSTCollectionViewAdditions.m */ = {isa = PBXFileReference; fileEncoding = 4; lastKnownFileType = sourcecode.c.objc; path = "NSIndexPath+PSTCollectionViewAdditions.m"; sourceTree = "<group>"; };
		0B7B7E441A7CA41C00005AE6 /* PSTCollectionView.h */ = {isa = PBXFileReference; fileEncoding = 4; lastKnownFileType = sourcecode.c.h; path = PSTCollectionView.h; sourceTree = "<group>"; };
		0B7B7E451A7CA41C00005AE6 /* PSTCollectionView.m */ = {isa = PBXFileReference; fileEncoding = 4; lastKnownFileType = sourcecode.c.objc; path = PSTCollectionView.m; sourceTree = "<group>"; };
		0B7B7E461A7CA41C00005AE6 /* PSTCollectionViewCell.h */ = {isa = PBXFileReference; fileEncoding = 4; lastKnownFileType = sourcecode.c.h; path = PSTCollectionViewCell.h; sourceTree = "<group>"; };
		0B7B7E471A7CA41C00005AE6 /* PSTCollectionViewCell.m */ = {isa = PBXFileReference; fileEncoding = 4; lastKnownFileType = sourcecode.c.objc; path = PSTCollectionViewCell.m; sourceTree = "<group>"; };
		0B7B7E481A7CA41C00005AE6 /* PSTCollectionViewCommon.h */ = {isa = PBXFileReference; fileEncoding = 4; lastKnownFileType = sourcecode.c.h; path = PSTCollectionViewCommon.h; sourceTree = "<group>"; };
		0B7B7E491A7CA41C00005AE6 /* PSTCollectionViewController.h */ = {isa = PBXFileReference; fileEncoding = 4; lastKnownFileType = sourcecode.c.h; path = PSTCollectionViewController.h; sourceTree = "<group>"; };
		0B7B7E4A1A7CA41C00005AE6 /* PSTCollectionViewController.m */ = {isa = PBXFileReference; fileEncoding = 4; lastKnownFileType = sourcecode.c.objc; path = PSTCollectionViewController.m; sourceTree = "<group>"; };
		0B7B7E4B1A7CA41C00005AE6 /* PSTCollectionViewData.h */ = {isa = PBXFileReference; fileEncoding = 4; lastKnownFileType = sourcecode.c.h; path = PSTCollectionViewData.h; sourceTree = "<group>"; };
		0B7B7E4C1A7CA41C00005AE6 /* PSTCollectionViewData.m */ = {isa = PBXFileReference; fileEncoding = 4; lastKnownFileType = sourcecode.c.objc; path = PSTCollectionViewData.m; sourceTree = "<group>"; };
		0B7B7E4D1A7CA41C00005AE6 /* PSTCollectionViewFlowLayout.h */ = {isa = PBXFileReference; fileEncoding = 4; lastKnownFileType = sourcecode.c.h; path = PSTCollectionViewFlowLayout.h; sourceTree = "<group>"; };
		0B7B7E4E1A7CA41C00005AE6 /* PSTCollectionViewFlowLayout.m */ = {isa = PBXFileReference; fileEncoding = 4; lastKnownFileType = sourcecode.c.objc; path = PSTCollectionViewFlowLayout.m; sourceTree = "<group>"; };
		0B7B7E4F1A7CA41C00005AE6 /* PSTCollectionViewItemKey.h */ = {isa = PBXFileReference; fileEncoding = 4; lastKnownFileType = sourcecode.c.h; path = PSTCollectionViewItemKey.h; sourceTree = "<group>"; };
		0B7B7E501A7CA41C00005AE6 /* PSTCollectionViewItemKey.m */ = {isa = PBXFileReference; fileEncoding = 4; lastKnownFileType = sourcecode.c.objc; path = PSTCollectionViewItemKey.m; sourceTree = "<group>"; };
		0B7B7E511A7CA41C00005AE6 /* PSTCollectionViewLayout+Internals.h */ = {isa = PBXFileReference; fileEncoding = 4; lastKnownFileType = sourcecode.c.h; path = "PSTCollectionViewLayout+Internals.h"; sourceTree = "<group>"; };
		0B7B7E521A7CA41C00005AE6 /* PSTCollectionViewLayout.h */ = {isa = PBXFileReference; fileEncoding = 4; lastKnownFileType = sourcecode.c.h; path = PSTCollectionViewLayout.h; sourceTree = "<group>"; };
		0B7B7E531A7CA41C00005AE6 /* PSTCollectionViewLayout.m */ = {isa = PBXFileReference; fileEncoding = 4; lastKnownFileType = sourcecode.c.objc; path = PSTCollectionViewLayout.m; sourceTree = "<group>"; };
		0B7B7E541A7CA41C00005AE6 /* PSTCollectionViewUpdateItem.h */ = {isa = PBXFileReference; fileEncoding = 4; lastKnownFileType = sourcecode.c.h; path = PSTCollectionViewUpdateItem.h; sourceTree = "<group>"; };
		0B7B7E551A7CA41C00005AE6 /* PSTCollectionViewUpdateItem.m */ = {isa = PBXFileReference; fileEncoding = 4; lastKnownFileType = sourcecode.c.objc; path = PSTCollectionViewUpdateItem.m; sourceTree = "<group>"; };
		0B7B7E561A7CA41C00005AE6 /* PSTGridLayoutInfo.h */ = {isa = PBXFileReference; fileEncoding = 4; lastKnownFileType = sourcecode.c.h; path = PSTGridLayoutInfo.h; sourceTree = "<group>"; };
		0B7B7E571A7CA41C00005AE6 /* PSTGridLayoutInfo.m */ = {isa = PBXFileReference; fileEncoding = 4; lastKnownFileType = sourcecode.c.objc; path = PSTGridLayoutInfo.m; sourceTree = "<group>"; };
		0B7B7E581A7CA41C00005AE6 /* PSTGridLayoutItem.h */ = {isa = PBXFileReference; fileEncoding = 4; lastKnownFileType = sourcecode.c.h; path = PSTGridLayoutItem.h; sourceTree = "<group>"; };
		0B7B7E591A7CA41C00005AE6 /* PSTGridLayoutItem.m */ = {isa = PBXFileReference; fileEncoding = 4; lastKnownFileType = sourcecode.c.objc; path = PSTGridLayoutItem.m; sourceTree = "<group>"; };
		0B7B7E5A1A7CA41C00005AE6 /* PSTGridLayoutRow.h */ = {isa = PBXFileReference; fileEncoding = 4; lastKnownFileType = sourcecode.c.h; path = PSTGridLayoutRow.h; sourceTree = "<group>"; };
		0B7B7E5B1A7CA41C00005AE6 /* PSTGridLayoutRow.m */ = {isa = PBXFileReference; fileEncoding = 4; lastKnownFileType = sourcecode.c.objc; path = PSTGridLayoutRow.m; sourceTree = "<group>"; };
		0B7B7E5C1A7CA41C00005AE6 /* PSTGridLayoutSection.h */ = {isa = PBXFileReference; fileEncoding = 4; lastKnownFileType = sourcecode.c.h; path = PSTGridLayoutSection.h; sourceTree = "<group>"; };
		0B7B7E5D1A7CA41C00005AE6 /* PSTGridLayoutSection.m */ = {isa = PBXFileReference; fileEncoding = 4; lastKnownFileType = sourcecode.c.objc; path = PSTGridLayoutSection.m; sourceTree = "<group>"; };
		0B7B7E5F1A7CA41C00005AE6 /* LICENSE */ = {isa = PBXFileReference; fileEncoding = 4; lastKnownFileType = text; path = LICENSE; sourceTree = "<group>"; };
		0B7B7E601A7CA41C00005AE6 /* README.md */ = {isa = PBXFileReference; fileEncoding = 4; lastKnownFileType = net.daringfireball.markdown; path = README.md; sourceTree = "<group>"; };
		0B7B7E621A7CA41C00005AE6 /* MKAnnotationView+WebCache.h */ = {isa = PBXFileReference; fileEncoding = 4; lastKnownFileType = sourcecode.c.h; path = "MKAnnotationView+WebCache.h"; sourceTree = "<group>"; };
		0B7B7E631A7CA41C00005AE6 /* MKAnnotationView+WebCache.m */ = {isa = PBXFileReference; fileEncoding = 4; lastKnownFileType = sourcecode.c.objc; path = "MKAnnotationView+WebCache.m"; sourceTree = "<group>"; };
		0B7B7E641A7CA41C00005AE6 /* NSData+ImageContentType.h */ = {isa = PBXFileReference; fileEncoding = 4; lastKnownFileType = sourcecode.c.h; path = "NSData+ImageContentType.h"; sourceTree = "<group>"; };
		0B7B7E651A7CA41C00005AE6 /* NSData+ImageContentType.m */ = {isa = PBXFileReference; fileEncoding = 4; lastKnownFileType = sourcecode.c.objc; path = "NSData+ImageContentType.m"; sourceTree = "<group>"; };
		0B7B7E661A7CA41C00005AE6 /* SDImageCache.h */ = {isa = PBXFileReference; fileEncoding = 4; lastKnownFileType = sourcecode.c.h; path = SDImageCache.h; sourceTree = "<group>"; };
		0B7B7E671A7CA41C00005AE6 /* SDImageCache.m */ = {isa = PBXFileReference; fileEncoding = 4; lastKnownFileType = sourcecode.c.objc; path = SDImageCache.m; sourceTree = "<group>"; };
		0B7B7E681A7CA41C00005AE6 /* SDWebImageCompat.h */ = {isa = PBXFileReference; fileEncoding = 4; lastKnownFileType = sourcecode.c.h; path = SDWebImageCompat.h; sourceTree = "<group>"; };
		0B7B7E691A7CA41C00005AE6 /* SDWebImageCompat.m */ = {isa = PBXFileReference; fileEncoding = 4; lastKnownFileType = sourcecode.c.objc; path = SDWebImageCompat.m; sourceTree = "<group>"; };
		0B7B7E6A1A7CA41C00005AE6 /* SDWebImageDecoder.h */ = {isa = PBXFileReference; fileEncoding = 4; lastKnownFileType = sourcecode.c.h; path = SDWebImageDecoder.h; sourceTree = "<group>"; };
		0B7B7E6B1A7CA41C00005AE6 /* SDWebImageDecoder.m */ = {isa = PBXFileReference; fileEncoding = 4; lastKnownFileType = sourcecode.c.objc; path = SDWebImageDecoder.m; sourceTree = "<group>"; };
		0B7B7E6C1A7CA41C00005AE6 /* SDWebImageDownloader.h */ = {isa = PBXFileReference; fileEncoding = 4; lastKnownFileType = sourcecode.c.h; path = SDWebImageDownloader.h; sourceTree = "<group>"; };
		0B7B7E6D1A7CA41C00005AE6 /* SDWebImageDownloader.m */ = {isa = PBXFileReference; fileEncoding = 4; lastKnownFileType = sourcecode.c.objc; path = SDWebImageDownloader.m; sourceTree = "<group>"; };
		0B7B7E6E1A7CA41C00005AE6 /* SDWebImageDownloaderOperation.h */ = {isa = PBXFileReference; fileEncoding = 4; lastKnownFileType = sourcecode.c.h; path = SDWebImageDownloaderOperation.h; sourceTree = "<group>"; };
		0B7B7E6F1A7CA41C00005AE6 /* SDWebImageDownloaderOperation.m */ = {isa = PBXFileReference; fileEncoding = 4; lastKnownFileType = sourcecode.c.objc; path = SDWebImageDownloaderOperation.m; sourceTree = "<group>"; };
		0B7B7E701A7CA41C00005AE6 /* SDWebImageManager.h */ = {isa = PBXFileReference; fileEncoding = 4; lastKnownFileType = sourcecode.c.h; path = SDWebImageManager.h; sourceTree = "<group>"; };
		0B7B7E711A7CA41C00005AE6 /* SDWebImageManager.m */ = {isa = PBXFileReference; fileEncoding = 4; lastKnownFileType = sourcecode.c.objc; path = SDWebImageManager.m; sourceTree = "<group>"; };
		0B7B7E721A7CA41C00005AE6 /* SDWebImageOperation.h */ = {isa = PBXFileReference; fileEncoding = 4; lastKnownFileType = sourcecode.c.h; path = SDWebImageOperation.h; sourceTree = "<group>"; };
		0B7B7E731A7CA41C00005AE6 /* SDWebImagePrefetcher.h */ = {isa = PBXFileReference; fileEncoding = 4; lastKnownFileType = sourcecode.c.h; path = SDWebImagePrefetcher.h; sourceTree = "<group>"; };
		0B7B7E741A7CA41C00005AE6 /* SDWebImagePrefetcher.m */ = {isa = PBXFileReference; fileEncoding = 4; lastKnownFileType = sourcecode.c.objc; path = SDWebImagePrefetcher.m; sourceTree = "<group>"; };
		0B7B7E751A7CA41C00005AE6 /* UIButton+WebCache.h */ = {isa = PBXFileReference; fileEncoding = 4; lastKnownFileType = sourcecode.c.h; path = "UIButton+WebCache.h"; sourceTree = "<group>"; };
		0B7B7E761A7CA41C00005AE6 /* UIButton+WebCache.m */ = {isa = PBXFileReference; fileEncoding = 4; lastKnownFileType = sourcecode.c.objc; path = "UIButton+WebCache.m"; sourceTree = "<group>"; };
		0B7B7E771A7CA41C00005AE6 /* UIImage+GIF.h */ = {isa = PBXFileReference; fileEncoding = 4; lastKnownFileType = sourcecode.c.h; path = "UIImage+GIF.h"; sourceTree = "<group>"; };
		0B7B7E781A7CA41C00005AE6 /* UIImage+GIF.m */ = {isa = PBXFileReference; fileEncoding = 4; lastKnownFileType = sourcecode.c.objc; path = "UIImage+GIF.m"; sourceTree = "<group>"; };
		0B7B7E791A7CA41C00005AE6 /* UIImage+MultiFormat.h */ = {isa = PBXFileReference; fileEncoding = 4; lastKnownFileType = sourcecode.c.h; path = "UIImage+MultiFormat.h"; sourceTree = "<group>"; };
		0B7B7E7A1A7CA41C00005AE6 /* UIImage+MultiFormat.m */ = {isa = PBXFileReference; fileEncoding = 4; lastKnownFileType = sourcecode.c.objc; path = "UIImage+MultiFormat.m"; sourceTree = "<group>"; };
		0B7B7E7B1A7CA41C00005AE6 /* UIImage+WebP.h */ = {isa = PBXFileReference; fileEncoding = 4; lastKnownFileType = sourcecode.c.h; path = "UIImage+WebP.h"; sourceTree = "<group>"; };
		0B7B7E7C1A7CA41C00005AE6 /* UIImage+WebP.m */ = {isa = PBXFileReference; fileEncoding = 4; lastKnownFileType = sourcecode.c.objc; path = "UIImage+WebP.m"; sourceTree = "<group>"; };
		0B7B7E7D1A7CA41C00005AE6 /* UIImageView+HighlightedWebCache.h */ = {isa = PBXFileReference; fileEncoding = 4; lastKnownFileType = sourcecode.c.h; path = "UIImageView+HighlightedWebCache.h"; sourceTree = "<group>"; };
		0B7B7E7E1A7CA41C00005AE6 /* UIImageView+HighlightedWebCache.m */ = {isa = PBXFileReference; fileEncoding = 4; lastKnownFileType = sourcecode.c.objc; path = "UIImageView+HighlightedWebCache.m"; sourceTree = "<group>"; };
		0B7B7E7F1A7CA41C00005AE6 /* UIImageView+WebCache.h */ = {isa = PBXFileReference; fileEncoding = 4; lastKnownFileType = sourcecode.c.h; path = "UIImageView+WebCache.h"; sourceTree = "<group>"; };
		0B7B7E801A7CA41C00005AE6 /* UIImageView+WebCache.m */ = {isa = PBXFileReference; fileEncoding = 4; lastKnownFileType = sourcecode.c.objc; path = "UIImageView+WebCache.m"; sourceTree = "<group>"; };
		0B7B7E811A7CA41C00005AE6 /* UIView+WebCacheOperation.h */ = {isa = PBXFileReference; fileEncoding = 4; lastKnownFileType = sourcecode.c.h; path = "UIView+WebCacheOperation.h"; sourceTree = "<group>"; };
		0B7B7E821A7CA41C00005AE6 /* UIView+WebCacheOperation.m */ = {isa = PBXFileReference; fileEncoding = 4; lastKnownFileType = sourcecode.c.objc; path = "UIView+WebCacheOperation.m"; sourceTree = "<group>"; };
		0B7B7E831A7CA41C00005AE6 /* MWPhotoBrowser.bundle */ = {isa = PBXFileReference; lastKnownFileType = "wrapper.plug-in"; path = MWPhotoBrowser.bundle; sourceTree = "<group>"; };
		0B9892451A7CA2B2004F2CAC /* MessageUI.framework */ = {isa = PBXFileReference; lastKnownFileType = wrapper.framework; name = MessageUI.framework; path = System/Library/Frameworks/MessageUI.framework; sourceTree = SDKROOT; };
		0BBCB42A1A523D9F0042170F /* Afterburner.app */ = {isa = PBXFileReference; explicitFileType = wrapper.application; includeInIndex = 0; path = Afterburner.app; sourceTree = BUILT_PRODUCTS_DIR; };
		0BBCB42E1A523D9F0042170F /* Info.plist */ = {isa = PBXFileReference; lastKnownFileType = text.plist.xml; path = Info.plist; sourceTree = "<group>"; };
		0BBCB42F1A523D9F0042170F /* main.m */ = {isa = PBXFileReference; lastKnownFileType = sourcecode.c.objc; path = main.m; sourceTree = "<group>"; };
		0BBCB4311A523D9F0042170F /* AppDelegate.h */ = {isa = PBXFileReference; lastKnownFileType = sourcecode.c.h; path = AppDelegate.h; sourceTree = "<group>"; };
		0BBCB4321A523D9F0042170F /* AppDelegate.m */ = {isa = PBXFileReference; lastKnownFileType = sourcecode.c.objc; path = AppDelegate.m; sourceTree = "<group>"; };
		0BBCB4341A523D9F0042170F /* ViewController.h */ = {isa = PBXFileReference; lastKnownFileType = sourcecode.c.h; path = ViewController.h; sourceTree = "<group>"; };
		0BBCB4351A523D9F0042170F /* ViewController.m */ = {isa = PBXFileReference; lastKnownFileType = sourcecode.c.objc; path = ViewController.m; sourceTree = "<group>"; };
		0BBCB4381A523D9F0042170F /* Base */ = {isa = PBXFileReference; lastKnownFileType = file.storyboard; name = Base; path = Base.lproj/Main.storyboard; sourceTree = "<group>"; };
		0BBCB43A1A523D9F0042170F /* Images.xcassets */ = {isa = PBXFileReference; lastKnownFileType = folder.assetcatalog; path = Images.xcassets; sourceTree = "<group>"; };
		0BBCB43D1A523D9F0042170F /* Base */ = {isa = PBXFileReference; lastKnownFileType = file.xib; name = Base; path = Base.lproj/LaunchScreen.xib; sourceTree = "<group>"; };
		0BBCB4431A523D9F0042170F /* AfterburnerTests.xctest */ = {isa = PBXFileReference; explicitFileType = wrapper.cfbundle; includeInIndex = 0; path = AfterburnerTests.xctest; sourceTree = BUILT_PRODUCTS_DIR; };
		0BBCB4481A523D9F0042170F /* Info.plist */ = {isa = PBXFileReference; lastKnownFileType = text.plist.xml; path = Info.plist; sourceTree = "<group>"; };
		0BBCB4491A523D9F0042170F /* AfterburnerTests.m */ = {isa = PBXFileReference; lastKnownFileType = sourcecode.c.objc; path = AfterburnerTests.m; sourceTree = "<group>"; };
		0BEC05E91A53A58C005F367C /* chooseMenuTableCells.h */ = {isa = PBXFileReference; fileEncoding = 4; lastKnownFileType = sourcecode.c.h; path = chooseMenuTableCells.h; sourceTree = "<group>"; };
		0BEC05EA1A53A58C005F367C /* chooseMenuTableCells.m */ = {isa = PBXFileReference; fileEncoding = 4; lastKnownFileType = sourcecode.c.objc; path = chooseMenuTableCells.m; sourceTree = "<group>"; };
		0BFCBD531A5508260015C2D3 /* FullSizeRender.jpg */ = {isa = PBXFileReference; lastKnownFileType = image.jpeg; name = FullSizeRender.jpg; path = ../../../../../Downloads/FullSizeRender.jpg; sourceTree = "<group>"; };
		0BFCBD551A5511A20015C2D3 /* editPhotoController.h */ = {isa = PBXFileReference; fileEncoding = 4; lastKnownFileType = sourcecode.c.h; path = editPhotoController.h; sourceTree = "<group>"; };
		0BFCBD561A5511A20015C2D3 /* editPhotoController.m */ = {isa = PBXFileReference; fileEncoding = 4; lastKnownFileType = sourcecode.c.objc; path = editPhotoController.m; sourceTree = "<group>"; };
		361B7215F719831749041EFE /* Pods-Afterburner.debug.xcconfig */ = {isa = PBXFileReference; includeInIndex = 1; lastKnownFileType = text.xcconfig; name = "Pods-Afterburner.debug.xcconfig"; path = "Pods/Target Support Files/Pods-Afterburner/Pods-Afterburner.debug.xcconfig"; sourceTree = "<group>"; };
		43588EAE72452795A552760A /* Pods-Afterburner.release.xcconfig */ = {isa = PBXFileReference; includeInIndex = 1; lastKnownFileType = text.xcconfig; name = "Pods-Afterburner.release.xcconfig"; path = "Pods/Target Support Files/Pods-Afterburner/Pods-Afterburner.release.xcconfig"; sourceTree = "<group>"; };
		643F1822165DDC1A038AD0A6 /* libPods-Afterburner.a */ = {isa = PBXFileReference; explicitFileType = archive.ar; includeInIndex = 0; path = "libPods-Afterburner.a"; sourceTree = BUILT_PRODUCTS_DIR; };
/* End PBXFileReference section */

/* Begin PBXFrameworksBuildPhase section */
		0BBCB4271A523D9F0042170F /* Frameworks */ = {
			isa = PBXFrameworksBuildPhase;
			buildActionMask = 2147483647;
			files = (
				0B9892461A7CA2B2004F2CAC /* MessageUI.framework in Frameworks */,
				0B4018251A5245C000769C47 /* CoreGraphics.framework in Frameworks */,
				0B4018231A5245B900769C47 /* Foundation.framework in Frameworks */,
				0B4018211A5245AE00769C47 /* UIKit.framework in Frameworks */,
				0B40181F1A5245A600769C47 /* QuartzCore.framework in Frameworks */,
				0B40181D1A52459A00769C47 /* ImageIO.framework in Frameworks */,
				0B40181B1A52459200769C47 /* AssetsLibrary.framework in Frameworks */,
				72E727DA86B2952B1C6BE0AD /* libPods-Afterburner.a in Frameworks */,
			);
			runOnlyForDeploymentPostprocessing = 0;
		};
		0BBCB4401A523D9F0042170F /* Frameworks */ = {
			isa = PBXFrameworksBuildPhase;
			buildActionMask = 2147483647;
			files = (
			);
			runOnlyForDeploymentPostprocessing = 0;
		};
/* End PBXFrameworksBuildPhase section */

/* Begin PBXGroup section */
		0B4018191A5243CA00769C47 /* choosePhoto */ = {
			isa = PBXGroup;
			children = (
				0B4018161A5243C100769C47 /* choosePhotoController.h */,
				0B4018171A5243C100769C47 /* choosePhotoController.m */,
				0BEC05E91A53A58C005F367C /* chooseMenuTableCells.h */,
				0BEC05EA1A53A58C005F367C /* chooseMenuTableCells.m */,
			);
			name = choosePhoto;
			sourceTree = "<group>";
		};
		0B7B7E241A7CA41C00005AE6 /* MWPhotoBrowser */ = {
			isa = PBXGroup;
			children = (
				0B7B7E251A7CA41C00005AE6 /* Classes */,
				0B7B7E391A7CA41C00005AE6 /* Libraries */,
				0B7B7E831A7CA41C00005AE6 /* MWPhotoBrowser.bundle */,
			);
			path = MWPhotoBrowser;
			sourceTree = "<group>";
		};
		0B7B7E251A7CA41C00005AE6 /* Classes */ = {
			isa = PBXGroup;
			children = (
				0B7B7E261A7CA41C00005AE6 /* MWCaptionView.h */,
				0B7B7E271A7CA41C00005AE6 /* MWCaptionView.m */,
				0B7B7E281A7CA41C00005AE6 /* MWCommon.h */,
				0B7B7E291A7CA41C00005AE6 /* MWGridCell.h */,
				0B7B7E2A1A7CA41C00005AE6 /* MWGridCell.m */,
				0B7B7E2B1A7CA41C00005AE6 /* MWGridViewController.h */,
				0B7B7E2C1A7CA41C00005AE6 /* MWGridViewController.m */,
				0B7B7E2D1A7CA41C00005AE6 /* MWPhoto.h */,
				0B7B7E2E1A7CA41C00005AE6 /* MWPhoto.m */,
				0B7B7E2F1A7CA41C00005AE6 /* MWPhotoBrowser.h */,
				0B7B7E301A7CA41C00005AE6 /* MWPhotoBrowser.m */,
				0B7B7E311A7CA41C00005AE6 /* MWPhotoBrowserPrivate.h */,
				0B7B7E321A7CA41C00005AE6 /* MWPhotoProtocol.h */,
				0B7B7E331A7CA41C00005AE6 /* MWTapDetectingImageView.h */,
				0B7B7E341A7CA41C00005AE6 /* MWTapDetectingImageView.m */,
				0B7B7E351A7CA41C00005AE6 /* MWTapDetectingView.h */,
				0B7B7E361A7CA41C00005AE6 /* MWTapDetectingView.m */,
				0B7B7E371A7CA41C00005AE6 /* MWZoomingScrollView.h */,
				0B7B7E381A7CA41C00005AE6 /* MWZoomingScrollView.m */,
			);
			path = Classes;
			sourceTree = "<group>";
		};
		0B7B7E391A7CA41C00005AE6 /* Libraries */ = {
			isa = PBXGroup;
			children = (
				0B7B7E3A1A7CA41C00005AE6 /* DACircularProgress */,
				0B7B7E3D1A7CA41C00005AE6 /* MBProgressHUD */,
				0B7B7E411A7CA41C00005AE6 /* PSTCollectionView */,
				0B7B7E5E1A7CA41C00005AE6 /* SDWebImage */,
			);
			path = Libraries;
			sourceTree = "<group>";
		};
		0B7B7E3A1A7CA41C00005AE6 /* DACircularProgress */ = {
			isa = PBXGroup;
			children = (
				0B7B7E3B1A7CA41C00005AE6 /* DACircularProgressView.h */,
				0B7B7E3C1A7CA41C00005AE6 /* DACircularProgressView.m */,
			);
			path = DACircularProgress;
			sourceTree = "<group>";
		};
		0B7B7E3D1A7CA41C00005AE6 /* MBProgressHUD */ = {
			isa = PBXGroup;
			children = (
				0B7B7E3E1A7CA41C00005AE6 /* MBProgressHUD.h */,
				0B7B7E3F1A7CA41C00005AE6 /* MBProgressHUD.m */,
				0B7B7E401A7CA41C00005AE6 /* README.mdown */,
			);
			path = MBProgressHUD;
			sourceTree = "<group>";
		};
		0B7B7E411A7CA41C00005AE6 /* PSTCollectionView */ = {
			isa = PBXGroup;
			children = (
				0B7B7E421A7CA41C00005AE6 /* NSIndexPath+PSTCollectionViewAdditions.h */,
				0B7B7E431A7CA41C00005AE6 /* NSIndexPath+PSTCollectionViewAdditions.m */,
				0B7B7E441A7CA41C00005AE6 /* PSTCollectionView.h */,
				0B7B7E451A7CA41C00005AE6 /* PSTCollectionView.m */,
				0B7B7E461A7CA41C00005AE6 /* PSTCollectionViewCell.h */,
				0B7B7E471A7CA41C00005AE6 /* PSTCollectionViewCell.m */,
				0B7B7E481A7CA41C00005AE6 /* PSTCollectionViewCommon.h */,
				0B7B7E491A7CA41C00005AE6 /* PSTCollectionViewController.h */,
				0B7B7E4A1A7CA41C00005AE6 /* PSTCollectionViewController.m */,
				0B7B7E4B1A7CA41C00005AE6 /* PSTCollectionViewData.h */,
				0B7B7E4C1A7CA41C00005AE6 /* PSTCollectionViewData.m */,
				0B7B7E4D1A7CA41C00005AE6 /* PSTCollectionViewFlowLayout.h */,
				0B7B7E4E1A7CA41C00005AE6 /* PSTCollectionViewFlowLayout.m */,
				0B7B7E4F1A7CA41C00005AE6 /* PSTCollectionViewItemKey.h */,
				0B7B7E501A7CA41C00005AE6 /* PSTCollectionViewItemKey.m */,
				0B7B7E511A7CA41C00005AE6 /* PSTCollectionViewLayout+Internals.h */,
				0B7B7E521A7CA41C00005AE6 /* PSTCollectionViewLayout.h */,
				0B7B7E531A7CA41C00005AE6 /* PSTCollectionViewLayout.m */,
				0B7B7E541A7CA41C00005AE6 /* PSTCollectionViewUpdateItem.h */,
				0B7B7E551A7CA41C00005AE6 /* PSTCollectionViewUpdateItem.m */,
				0B7B7E561A7CA41C00005AE6 /* PSTGridLayoutInfo.h */,
				0B7B7E571A7CA41C00005AE6 /* PSTGridLayoutInfo.m */,
				0B7B7E581A7CA41C00005AE6 /* PSTGridLayoutItem.h */,
				0B7B7E591A7CA41C00005AE6 /* PSTGridLayoutItem.m */,
				0B7B7E5A1A7CA41C00005AE6 /* PSTGridLayoutRow.h */,
				0B7B7E5B1A7CA41C00005AE6 /* PSTGridLayoutRow.m */,
				0B7B7E5C1A7CA41C00005AE6 /* PSTGridLayoutSection.h */,
				0B7B7E5D1A7CA41C00005AE6 /* PSTGridLayoutSection.m */,
			);
			path = PSTCollectionView;
			sourceTree = "<group>";
		};
		0B7B7E5E1A7CA41C00005AE6 /* SDWebImage */ = {
			isa = PBXGroup;
			children = (
				0B7B7E5F1A7CA41C00005AE6 /* LICENSE */,
				0B7B7E601A7CA41C00005AE6 /* README.md */,
				0B7B7E611A7CA41C00005AE6 /* SDWebImage */,
			);
			path = SDWebImage;
			sourceTree = "<group>";
		};
		0B7B7E611A7CA41C00005AE6 /* SDWebImage */ = {
			isa = PBXGroup;
			children = (
				0B7B7E621A7CA41C00005AE6 /* MKAnnotationView+WebCache.h */,
				0B7B7E631A7CA41C00005AE6 /* MKAnnotationView+WebCache.m */,
				0B7B7E641A7CA41C00005AE6 /* NSData+ImageContentType.h */,
				0B7B7E651A7CA41C00005AE6 /* NSData+ImageContentType.m */,
				0B7B7E661A7CA41C00005AE6 /* SDImageCache.h */,
				0B7B7E671A7CA41C00005AE6 /* SDImageCache.m */,
				0B7B7E681A7CA41C00005AE6 /* SDWebImageCompat.h */,
				0B7B7E691A7CA41C00005AE6 /* SDWebImageCompat.m */,
				0B7B7E6A1A7CA41C00005AE6 /* SDWebImageDecoder.h */,
				0B7B7E6B1A7CA41C00005AE6 /* SDWebImageDecoder.m */,
				0B7B7E6C1A7CA41C00005AE6 /* SDWebImageDownloader.h */,
				0B7B7E6D1A7CA41C00005AE6 /* SDWebImageDownloader.m */,
				0B7B7E6E1A7CA41C00005AE6 /* SDWebImageDownloaderOperation.h */,
				0B7B7E6F1A7CA41C00005AE6 /* SDWebImageDownloaderOperation.m */,
				0B7B7E701A7CA41C00005AE6 /* SDWebImageManager.h */,
				0B7B7E711A7CA41C00005AE6 /* SDWebImageManager.m */,
				0B7B7E721A7CA41C00005AE6 /* SDWebImageOperation.h */,
				0B7B7E731A7CA41C00005AE6 /* SDWebImagePrefetcher.h */,
				0B7B7E741A7CA41C00005AE6 /* SDWebImagePrefetcher.m */,
				0B7B7E751A7CA41C00005AE6 /* UIButton+WebCache.h */,
				0B7B7E761A7CA41C00005AE6 /* UIButton+WebCache.m */,
				0B7B7E771A7CA41C00005AE6 /* UIImage+GIF.h */,
				0B7B7E781A7CA41C00005AE6 /* UIImage+GIF.m */,
				0B7B7E791A7CA41C00005AE6 /* UIImage+MultiFormat.h */,
				0B7B7E7A1A7CA41C00005AE6 /* UIImage+MultiFormat.m */,
				0B7B7E7B1A7CA41C00005AE6 /* UIImage+WebP.h */,
				0B7B7E7C1A7CA41C00005AE6 /* UIImage+WebP.m */,
				0B7B7E7D1A7CA41C00005AE6 /* UIImageView+HighlightedWebCache.h */,
				0B7B7E7E1A7CA41C00005AE6 /* UIImageView+HighlightedWebCache.m */,
				0B7B7E7F1A7CA41C00005AE6 /* UIImageView+WebCache.h */,
				0B7B7E801A7CA41C00005AE6 /* UIImageView+WebCache.m */,
				0B7B7E811A7CA41C00005AE6 /* UIView+WebCacheOperation.h */,
				0B7B7E821A7CA41C00005AE6 /* UIView+WebCacheOperation.m */,
			);
			path = SDWebImage;
			sourceTree = "<group>";
		};
		0BBCB4211A523D9F0042170F = {
			isa = PBXGroup;
			children = (
				0BBCB42C1A523D9F0042170F /* Afterburner */,
				0BBCB4461A523D9F0042170F /* AfterburnerTests */,
				0BBCB42B1A523D9F0042170F /* Products */,
				4E31AD54BF0A8389ED170D72 /* Pods */,
				E723D1F47BC45C579105B490 /* Frameworks */,
			);
			sourceTree = "<group>";
		};
		0BBCB42B1A523D9F0042170F /* Products */ = {
			isa = PBXGroup;
			children = (
				0BBCB42A1A523D9F0042170F /* Afterburner.app */,
				0BBCB4431A523D9F0042170F /* AfterburnerTests.xctest */,
			);
			name = Products;
			sourceTree = "<group>";
		};
		0BBCB42C1A523D9F0042170F /* Afterburner */ = {
			isa = PBXGroup;
			children = (
				0B7B7E241A7CA41C00005AE6 /* MWPhotoBrowser */,
				0B4018191A5243CA00769C47 /* choosePhoto */,
				0BBCB4311A523D9F0042170F /* AppDelegate.h */,
				0BBCB4321A523D9F0042170F /* AppDelegate.m */,
				0BBCB4341A523D9F0042170F /* ViewController.h */,
				0BBCB4351A523D9F0042170F /* ViewController.m */,
				0BBCB4371A523D9F0042170F /* Main.storyboard */,
				0BFCBD531A5508260015C2D3 /* FullSizeRender.jpg */,
				0BBCB43A1A523D9F0042170F /* Images.xcassets */,
				0BBCB43C1A523D9F0042170F /* LaunchScreen.xib */,
				0BBCB42D1A523D9F0042170F /* Supporting Files */,
				0BFCBD551A5511A20015C2D3 /* editPhotoController.h */,
				0BFCBD561A5511A20015C2D3 /* editPhotoController.m */,
				0B6B691A1A5795F60056F144 /* userInfoController.h */,
				0B6B691B1A5795F60056F144 /* userInfoController.m */,
			);
			path = Afterburner;
			sourceTree = "<group>";
		};
		0BBCB42D1A523D9F0042170F /* Supporting Files */ = {
			isa = PBXGroup;
			children = (
				0BBCB42E1A523D9F0042170F /* Info.plist */,
				0BBCB42F1A523D9F0042170F /* main.m */,
			);
			name = "Supporting Files";
			sourceTree = "<group>";
		};
		0BBCB4461A523D9F0042170F /* AfterburnerTests */ = {
			isa = PBXGroup;
			children = (
				0BBCB4491A523D9F0042170F /* AfterburnerTests.m */,
				0BBCB4471A523D9F0042170F /* Supporting Files */,
			);
			path = AfterburnerTests;
			sourceTree = "<group>";
		};
		0BBCB4471A523D9F0042170F /* Supporting Files */ = {
			isa = PBXGroup;
			children = (
				0BBCB4481A523D9F0042170F /* Info.plist */,
			);
			name = "Supporting Files";
			sourceTree = "<group>";
		};
		4E31AD54BF0A8389ED170D72 /* Pods */ = {
			isa = PBXGroup;
			children = (
				361B7215F719831749041EFE /* Pods-Afterburner.debug.xcconfig */,
				43588EAE72452795A552760A /* Pods-Afterburner.release.xcconfig */,
			);
			name = Pods;
			sourceTree = "<group>";
		};
		E723D1F47BC45C579105B490 /* Frameworks */ = {
			isa = PBXGroup;
			children = (
				0B9892451A7CA2B2004F2CAC /* MessageUI.framework */,
				0B4018241A5245C000769C47 /* CoreGraphics.framework */,
				0B4018221A5245B900769C47 /* Foundation.framework */,
				0B4018201A5245AE00769C47 /* UIKit.framework */,
				0B40181E1A5245A600769C47 /* QuartzCore.framework */,
				0B40181C1A52459A00769C47 /* ImageIO.framework */,
				0B40181A1A52459200769C47 /* AssetsLibrary.framework */,
				643F1822165DDC1A038AD0A6 /* libPods-Afterburner.a */,
			);
			name = Frameworks;
			sourceTree = "<group>";
		};
/* End PBXGroup section */

/* Begin PBXNativeTarget section */
		0BBCB4291A523D9F0042170F /* Afterburner */ = {
			isa = PBXNativeTarget;
			buildConfigurationList = 0BBCB44D1A523D9F0042170F /* Build configuration list for PBXNativeTarget "Afterburner" */;
			buildPhases = (
				D2E0B5AA7D968EB75774C076 /* Check Pods Manifest.lock */,
				0BBCB4261A523D9F0042170F /* Sources */,
				0BBCB4271A523D9F0042170F /* Frameworks */,
				0BBCB4281A523D9F0042170F /* Resources */,
				16F6F176CDEA05898242E15A /* Copy Pods Resources */,
			);
			buildRules = (
			);
			dependencies = (
			);
			name = Afterburner;
			productName = Afterburner;
			productReference = 0BBCB42A1A523D9F0042170F /* Afterburner.app */;
			productType = "com.apple.product-type.application";
		};
		0BBCB4421A523D9F0042170F /* AfterburnerTests */ = {
			isa = PBXNativeTarget;
			buildConfigurationList = 0BBCB4501A523D9F0042170F /* Build configuration list for PBXNativeTarget "AfterburnerTests" */;
			buildPhases = (
				0BBCB43F1A523D9F0042170F /* Sources */,
				0BBCB4401A523D9F0042170F /* Frameworks */,
				0BBCB4411A523D9F0042170F /* Resources */,
			);
			buildRules = (
			);
			dependencies = (
				0BBCB4451A523D9F0042170F /* PBXTargetDependency */,
			);
			name = AfterburnerTests;
			productName = AfterburnerTests;
			productReference = 0BBCB4431A523D9F0042170F /* AfterburnerTests.xctest */;
			productType = "com.apple.product-type.bundle.unit-test";
		};
/* End PBXNativeTarget section */

/* Begin PBXProject section */
		0BBCB4221A523D9F0042170F /* Project object */ = {
			isa = PBXProject;
			attributes = {
				LastUpgradeCheck = 0610;
				ORGANIZATIONNAME = jimmyliu;
				TargetAttributes = {
					0BBCB4291A523D9F0042170F = {
						CreatedOnToolsVersion = 6.1.1;
						DevelopmentTeam = 235XB3N5MT;
					};
					0BBCB4421A523D9F0042170F = {
						CreatedOnToolsVersion = 6.1.1;
						TestTargetID = 0BBCB4291A523D9F0042170F;
					};
				};
			};
			buildConfigurationList = 0BBCB4251A523D9F0042170F /* Build configuration list for PBXProject "Afterburner" */;
			compatibilityVersion = "Xcode 3.2";
			developmentRegion = English;
			hasScannedForEncodings = 0;
			knownRegions = (
				en,
				Base,
			);
			mainGroup = 0BBCB4211A523D9F0042170F;
			productRefGroup = 0BBCB42B1A523D9F0042170F /* Products */;
			projectDirPath = "";
			projectRoot = "";
			targets = (
				0BBCB4291A523D9F0042170F /* Afterburner */,
				0BBCB4421A523D9F0042170F /* AfterburnerTests */,
			);
		};
/* End PBXProject section */

/* Begin PBXResourcesBuildPhase section */
		0BBCB4281A523D9F0042170F /* Resources */ = {
			isa = PBXResourcesBuildPhase;
			buildActionMask = 2147483647;
			files = (
				0BBCB4391A523D9F0042170F /* Main.storyboard in Resources */,
				0BBCB43E1A523D9F0042170F /* LaunchScreen.xib in Resources */,
				0BBCB43B1A523D9F0042170F /* Images.xcassets in Resources */,
				0B7B7EAE1A7CA41C00005AE6 /* MWPhotoBrowser.bundle in Resources */,
				0BFCBD541A5508260015C2D3 /* FullSizeRender.jpg in Resources */,
				0B7B7E9C1A7CA41C00005AE6 /* LICENSE in Resources */,
			);
			runOnlyForDeploymentPostprocessing = 0;
		};
		0BBCB4411A523D9F0042170F /* Resources */ = {
			isa = PBXResourcesBuildPhase;
			buildActionMask = 2147483647;
			files = (
			);
			runOnlyForDeploymentPostprocessing = 0;
		};
/* End PBXResourcesBuildPhase section */

/* Begin PBXShellScriptBuildPhase section */
		16F6F176CDEA05898242E15A /* Copy Pods Resources */ = {
			isa = PBXShellScriptBuildPhase;
			buildActionMask = 2147483647;
			files = (
			);
			inputPaths = (
			);
			name = "Copy Pods Resources";
			outputPaths = (
			);
			runOnlyForDeploymentPostprocessing = 0;
			shellPath = /bin/sh;
			shellScript = "\"${SRCROOT}/Pods/Target Support Files/Pods-Afterburner/Pods-Afterburner-resources.sh\"\n";
			showEnvVarsInLog = 0;
		};
		D2E0B5AA7D968EB75774C076 /* Check Pods Manifest.lock */ = {
			isa = PBXShellScriptBuildPhase;
			buildActionMask = 2147483647;
			files = (
			);
			inputPaths = (
			);
			name = "Check Pods Manifest.lock";
			outputPaths = (
			);
			runOnlyForDeploymentPostprocessing = 0;
			shellPath = /bin/sh;
			shellScript = "diff \"${PODS_ROOT}/../Podfile.lock\" \"${PODS_ROOT}/Manifest.lock\" > /dev/null\nif [[ $? != 0 ]] ; then\n    cat << EOM\nerror: The sandbox is not in sync with the Podfile.lock. Run 'pod install' or update your CocoaPods installation.\nEOM\n    exit 1\nfi\n";
			showEnvVarsInLog = 0;
		};
/* End PBXShellScriptBuildPhase section */

/* Begin PBXSourcesBuildPhase section */
		0BBCB4261A523D9F0042170F /* Sources */ = {
			isa = PBXSourcesBuildPhase;
			buildActionMask = 2147483647;
			files = (
				0B7B7EAB1A7CA41C00005AE6 /* UIImageView+HighlightedWebCache.m in Sources */,
				0B7B7E8F1A7CA41C00005AE6 /* NSIndexPath+PSTCollectionViewAdditions.m in Sources */,
				0BBCB4361A523D9F0042170F /* ViewController.m in Sources */,
				0B4018181A5243C100769C47 /* choosePhotoController.m in Sources */,
				0B7B7E891A7CA41C00005AE6 /* MWTapDetectingImageView.m in Sources */,
				0B7B7E9A1A7CA41C00005AE6 /* PSTGridLayoutRow.m in Sources */,
				0B7B7EAC1A7CA41C00005AE6 /* UIImageView+WebCache.m in Sources */,
				0B7B7E921A7CA41C00005AE6 /* PSTCollectionViewController.m in Sources */,
				0B7B7E8B1A7CA41C00005AE6 /* MWZoomingScrollView.m in Sources */,
				0B7B7EA71A7CA41C00005AE6 /* UIButton+WebCache.m in Sources */,
				0B6B691C1A5795F60056F144 /* userInfoController.m in Sources */,
				0B7B7E851A7CA41C00005AE6 /* MWGridCell.m in Sources */,
				0B7B7E991A7CA41C00005AE6 /* PSTGridLayoutItem.m in Sources */,
				0B7B7EA81A7CA41C00005AE6 /* UIImage+GIF.m in Sources */,
				0B7B7EA61A7CA41C00005AE6 /* SDWebImagePrefetcher.m in Sources */,
				0B7B7E931A7CA41C00005AE6 /* PSTCollectionViewData.m in Sources */,
				0B7B7E871A7CA41C00005AE6 /* MWPhoto.m in Sources */,
				0B7B7E951A7CA41C00005AE6 /* PSTCollectionViewItemKey.m in Sources */,
				0B7B7EA11A7CA41C00005AE6 /* SDWebImageCompat.m in Sources */,
				0B7B7EA31A7CA41C00005AE6 /* SDWebImageDownloader.m in Sources */,
				0B7B7EA41A7CA41C00005AE6 /* SDWebImageDownloaderOperation.m in Sources */,
				0B7B7EA21A7CA41C00005AE6 /* SDWebImageDecoder.m in Sources */,
				0B7B7EA51A7CA41C00005AE6 /* SDWebImageManager.m in Sources */,
				0B7B7E8D1A7CA41C00005AE6 /* MBProgressHUD.m in Sources */,
				0B7B7E971A7CA41C00005AE6 /* PSTCollectionViewUpdateItem.m in Sources */,
				0B7B7E981A7CA41C00005AE6 /* PSTGridLayoutInfo.m in Sources */,
				0B7B7E911A7CA41C00005AE6 /* PSTCollectionViewCell.m in Sources */,
				0B7B7E9B1A7CA41C00005AE6 /* PSTGridLayoutSection.m in Sources */,
				0B7B7EAD1A7CA41C00005AE6 /* UIView+WebCacheOperation.m in Sources */,
				0BBCB4331A523D9F0042170F /* AppDelegate.m in Sources */,
				0B7B7E8E1A7CA41C00005AE6 /* README.mdown in Sources */,
				0BEC05EB1A53A58C005F367C /* chooseMenuTableCells.m in Sources */,
				0B7B7E861A7CA41C00005AE6 /* MWGridViewController.m in Sources */,
				0B7B7E9D1A7CA41C00005AE6 /* README.md in Sources */,
				0B7B7E9E1A7CA41C00005AE6 /* MKAnnotationView+WebCache.m in Sources */,
				0B7B7EA91A7CA41C00005AE6 /* UIImage+MultiFormat.m in Sources */,
				0BFCBD571A5511A20015C2D3 /* editPhotoController.m in Sources */,
				0B7B7E8A1A7CA41C00005AE6 /* MWTapDetectingView.m in Sources */,
				0B7B7E9F1A7CA41C00005AE6 /* NSData+ImageContentType.m in Sources */,
				0B7B7E881A7CA41C00005AE6 /* MWPhotoBrowser.m in Sources */,
				0B7B7EAA1A7CA41C00005AE6 /* UIImage+WebP.m in Sources */,
				0B7B7E901A7CA41C00005AE6 /* PSTCollectionView.m in Sources */,
				0B7B7E941A7CA41C00005AE6 /* PSTCollectionViewFlowLayout.m in Sources */,
				0B7B7E8C1A7CA41C00005AE6 /* DACircularProgressView.m in Sources */,
				0BBCB4301A523D9F0042170F /* main.m in Sources */,
				0B7B7E961A7CA41C00005AE6 /* PSTCollectionViewLayout.m in Sources */,
				0B7B7E841A7CA41C00005AE6 /* MWCaptionView.m in Sources */,
				0B7B7EA01A7CA41C00005AE6 /* SDImageCache.m in Sources */,
			);
			runOnlyForDeploymentPostprocessing = 0;
		};
		0BBCB43F1A523D9F0042170F /* Sources */ = {
			isa = PBXSourcesBuildPhase;
			buildActionMask = 2147483647;
			files = (
				0BBCB44A1A523D9F0042170F /* AfterburnerTests.m in Sources */,
			);
			runOnlyForDeploymentPostprocessing = 0;
		};
/* End PBXSourcesBuildPhase section */

/* Begin PBXTargetDependency section */
		0BBCB4451A523D9F0042170F /* PBXTargetDependency */ = {
			isa = PBXTargetDependency;
			target = 0BBCB4291A523D9F0042170F /* Afterburner */;
			targetProxy = 0BBCB4441A523D9F0042170F /* PBXContainerItemProxy */;
		};
/* End PBXTargetDependency section */

/* Begin PBXVariantGroup section */
		0BBCB4371A523D9F0042170F /* Main.storyboard */ = {
			isa = PBXVariantGroup;
			children = (
				0BBCB4381A523D9F0042170F /* Base */,
			);
			name = Main.storyboard;
			sourceTree = "<group>";
		};
		0BBCB43C1A523D9F0042170F /* LaunchScreen.xib */ = {
			isa = PBXVariantGroup;
			children = (
				0BBCB43D1A523D9F0042170F /* Base */,
			);
			name = LaunchScreen.xib;
			sourceTree = "<group>";
		};
/* End PBXVariantGroup section */

/* Begin XCBuildConfiguration section */
		0BBCB44B1A523D9F0042170F /* Debug */ = {
			isa = XCBuildConfiguration;
			buildSettings = {
				ALWAYS_SEARCH_USER_PATHS = NO;
				CLANG_CXX_LANGUAGE_STANDARD = "gnu++0x";
				CLANG_CXX_LIBRARY = "libc++";
				CLANG_ENABLE_MODULES = YES;
				CLANG_ENABLE_OBJC_ARC = YES;
				CLANG_WARN_BOOL_CONVERSION = YES;
				CLANG_WARN_CONSTANT_CONVERSION = YES;
				CLANG_WARN_DIRECT_OBJC_ISA_USAGE = YES_ERROR;
				CLANG_WARN_EMPTY_BODY = YES;
				CLANG_WARN_ENUM_CONVERSION = YES;
				CLANG_WARN_INT_CONVERSION = YES;
				CLANG_WARN_OBJC_ROOT_CLASS = YES_ERROR;
				CLANG_WARN_UNREACHABLE_CODE = YES;
				CLANG_WARN__DUPLICATE_METHOD_MATCH = YES;
				"CODE_SIGN_IDENTITY[sdk=iphoneos*]" = "iPhone Developer";
				COPY_PHASE_STRIP = NO;
				ENABLE_STRICT_OBJC_MSGSEND = YES;
				GCC_C_LANGUAGE_STANDARD = gnu99;
				GCC_DYNAMIC_NO_PIC = NO;
				GCC_OPTIMIZATION_LEVEL = 0;
				GCC_PREPROCESSOR_DEFINITIONS = (
					"DEBUG=1",
					"$(inherited)",
				);
				GCC_SYMBOLS_PRIVATE_EXTERN = NO;
				GCC_WARN_64_TO_32_BIT_CONVERSION = YES;
				GCC_WARN_ABOUT_RETURN_TYPE = YES_ERROR;
				GCC_WARN_UNDECLARED_SELECTOR = YES;
				GCC_WARN_UNINITIALIZED_AUTOS = YES_AGGRESSIVE;
				GCC_WARN_UNUSED_FUNCTION = YES;
				GCC_WARN_UNUSED_VARIABLE = YES;
				IPHONEOS_DEPLOYMENT_TARGET = 8.1;
				MTL_ENABLE_DEBUG_INFO = YES;
				ONLY_ACTIVE_ARCH = YES;
				SDKROOT = iphoneos;
			};
			name = Debug;
		};
		0BBCB44C1A523D9F0042170F /* Release */ = {
			isa = XCBuildConfiguration;
			buildSettings = {
				ALWAYS_SEARCH_USER_PATHS = NO;
				CLANG_CXX_LANGUAGE_STANDARD = "gnu++0x";
				CLANG_CXX_LIBRARY = "libc++";
				CLANG_ENABLE_MODULES = YES;
				CLANG_ENABLE_OBJC_ARC = YES;
				CLANG_WARN_BOOL_CONVERSION = YES;
				CLANG_WARN_CONSTANT_CONVERSION = YES;
				CLANG_WARN_DIRECT_OBJC_ISA_USAGE = YES_ERROR;
				CLANG_WARN_EMPTY_BODY = YES;
				CLANG_WARN_ENUM_CONVERSION = YES;
				CLANG_WARN_INT_CONVERSION = YES;
				CLANG_WARN_OBJC_ROOT_CLASS = YES_ERROR;
				CLANG_WARN_UNREACHABLE_CODE = YES;
				CLANG_WARN__DUPLICATE_METHOD_MATCH = YES;
				"CODE_SIGN_IDENTITY[sdk=iphoneos*]" = "iPhone Developer";
				COPY_PHASE_STRIP = YES;
				ENABLE_NS_ASSERTIONS = NO;
				ENABLE_STRICT_OBJC_MSGSEND = YES;
				GCC_C_LANGUAGE_STANDARD = gnu99;
				GCC_WARN_64_TO_32_BIT_CONVERSION = YES;
				GCC_WARN_ABOUT_RETURN_TYPE = YES_ERROR;
				GCC_WARN_UNDECLARED_SELECTOR = YES;
				GCC_WARN_UNINITIALIZED_AUTOS = YES_AGGRESSIVE;
				GCC_WARN_UNUSED_FUNCTION = YES;
				GCC_WARN_UNUSED_VARIABLE = YES;
				IPHONEOS_DEPLOYMENT_TARGET = 8.1;
				MTL_ENABLE_DEBUG_INFO = NO;
				SDKROOT = iphoneos;
				VALIDATE_PRODUCT = YES;
			};
			name = Release;
		};
		0BBCB44E1A523D9F0042170F /* Debug */ = {
			isa = XCBuildConfiguration;
			baseConfigurationReference = 361B7215F719831749041EFE /* Pods-Afterburner.debug.xcconfig */;
			buildSettings = {
				ASSETCATALOG_COMPILER_APPICON_NAME = AppIcon;
				CODE_SIGN_IDENTITY = "iPhone Developer";
				"CODE_SIGN_IDENTITY[sdk=iphoneos*]" = "iPhone Developer";
				INFOPLIST_FILE = Afterburner/Info.plist;
				LD_RUNPATH_SEARCH_PATHS = "$(inherited) @executable_path/Frameworks";
				PRODUCT_NAME = "$(TARGET_NAME)";
				PROVISIONING_PROFILE = "";
			};
			name = Debug;
		};
		0BBCB44F1A523D9F0042170F /* Release */ = {
			isa = XCBuildConfiguration;
			baseConfigurationReference = 43588EAE72452795A552760A /* Pods-Afterburner.release.xcconfig */;
			buildSettings = {
				ASSETCATALOG_COMPILER_APPICON_NAME = AppIcon;
				CODE_SIGN_IDENTITY = "iPhone Developer";
				"CODE_SIGN_IDENTITY[sdk=iphoneos*]" = "iPhone Developer";
				INFOPLIST_FILE = Afterburner/Info.plist;
				LD_RUNPATH_SEARCH_PATHS = "$(inherited) @executable_path/Frameworks";
				PRODUCT_NAME = "$(TARGET_NAME)";
				PROVISIONING_PROFILE = "";
			};
			name = Release;
		};
		0BBCB4511A523D9F0042170F /* Debug */ = {
			isa = XCBuildConfiguration;
			buildSettings = {
				BUNDLE_LOADER = "$(TEST_HOST)";
				FRAMEWORK_SEARCH_PATHS = (
					"$(SDKROOT)/Developer/Library/Frameworks",
					"$(inherited)",
				);
				GCC_PREPROCESSOR_DEFINITIONS = (
					"DEBUG=1",
					"$(inherited)",
				);
				INFOPLIST_FILE = AfterburnerTests/Info.plist;
				LD_RUNPATH_SEARCH_PATHS = "$(inherited) @executable_path/Frameworks @loader_path/Frameworks";
				PRODUCT_NAME = "$(TARGET_NAME)";
				TEST_HOST = "$(BUILT_PRODUCTS_DIR)/Afterburner.app/Afterburner";
			};
			name = Debug;
		};
		0BBCB4521A523D9F0042170F /* Release */ = {
			isa = XCBuildConfiguration;
			buildSettings = {
				BUNDLE_LOADER = "$(TEST_HOST)";
				FRAMEWORK_SEARCH_PATHS = (
					"$(SDKROOT)/Developer/Library/Frameworks",
					"$(inherited)",
				);
				INFOPLIST_FILE = AfterburnerTests/Info.plist;
				LD_RUNPATH_SEARCH_PATHS = "$(inherited) @executable_path/Frameworks @loader_path/Frameworks";
				PRODUCT_NAME = "$(TARGET_NAME)";
				TEST_HOST = "$(BUILT_PRODUCTS_DIR)/Afterburner.app/Afterburner";
			};
			name = Release;
		};
/* End XCBuildConfiguration section */

/* Begin XCConfigurationList section */
		0BBCB4251A523D9F0042170F /* Build configuration list for PBXProject "Afterburner" */ = {
			isa = XCConfigurationList;
			buildConfigurations = (
				0BBCB44B1A523D9F0042170F /* Debug */,
				0BBCB44C1A523D9F0042170F /* Release */,
			);
			defaultConfigurationIsVisible = 0;
			defaultConfigurationName = Release;
		};
		0BBCB44D1A523D9F0042170F /* Build configuration list for PBXNativeTarget "Afterburner" */ = {
			isa = XCConfigurationList;
			buildConfigurations = (
				0BBCB44E1A523D9F0042170F /* Debug */,
				0BBCB44F1A523D9F0042170F /* Release */,
			);
			defaultConfigurationIsVisible = 0;
			defaultConfigurationName = Release;
		};
		0BBCB4501A523D9F0042170F /* Build configuration list for PBXNativeTarget "AfterburnerTests" */ = {
			isa = XCConfigurationList;
			buildConfigurations = (
				0BBCB4511A523D9F0042170F /* Debug */,
				0BBCB4521A523D9F0042170F /* Release */,
			);
			defaultConfigurationIsVisible = 0;
			defaultConfigurationName = Release;
		};
/* End XCConfigurationList section */
	};
	rootObject = 0BBCB4221A523D9F0042170F /* Project object */;
}
